
Microsoft Visual Studio Solution File, Format Version 12.00
# Visual Studio Version 17
VisualStudioVersion = 17.2.32516.85
MinimumVisualStudioVersion = 10.0.40219.1
Project("{FAE04EC0-301F-11D3-BF4B-00C04F79EFBC}") = "ZAFrame.UI", "Frame\ZAFrame.UI\ZAFrame.UI.csproj", "{87BD39CD-E9DD-4FFD-ADB4-C8D14A1919F5}"
EndProject
Project("{FAE04EC0-301F-11D3-BF4B-00C04F79EFBC}") = "ZAFrame.ImageProcess", "ZAFrame.ImageProcess\ZAFrame.ImageProcess.csproj", "{081F9CCD-0044-4700-88A0-4F781E148188}"
EndProject
Project("{FAE04EC0-301F-11D3-BF4B-00C04F79EFBC}") = "ZAFrame.Common", "ZAFrame.Common\ZAFrame.Common.csproj", "{5DC38E5B-8CD5-4A76-90ED-AD9D91FCF154}"
EndProject
Global
	GlobalSection(SolutionConfigurationPlatforms) = preSolution
		Debug|Any CPU = Debug|Any CPU
		Debug|ARM = Debug|ARM
		Debug|ARM64 = Debug|ARM64
		Debug|x64 = Debug|x64
		Debug|x86 = Debug|x86
		Release|Any CPU = Release|Any CPU
		Release|ARM = Release|ARM
		Release|ARM64 = Release|ARM64
		Release|x64 = Release|x64
		Release|x86 = Release|x86
	EndGlobalSection
	GlobalSection(ProjectConfigurationPlatforms) = postSolution
		{87BD39CD-E9DD-4FFD-ADB4-C8D14A1919F5}.Debug|Any CPU.ActiveCfg = Debug|Any CPU
		{87BD39CD-E9DD-4FFD-ADB4-C8D14A1919F5}.Debug|Any CPU.Build.0 = Debug|Any CPU
		{87BD39CD-E9DD-4FFD-ADB4-C8D14A1919F5}.Debug|ARM.ActiveCfg = Debug|Any CPU
		{87BD39CD-E9DD-4FFD-ADB4-C8D14A1919F5}.Debug|ARM.Build.0 = Debug|Any CPU
		{87BD39CD-E9DD-4FFD-ADB4-C8D14A1919F5}.Debug|ARM64.ActiveCfg = Debug|Any CPU
		{87BD39CD-E9DD-4FFD-ADB4-C8D14A1919F5}.Debug|ARM64.Build.0 = Debug|Any CPU
		{87BD39CD-E9DD-4FFD-ADB4-C8D14A1919F5}.Debug|x64.ActiveCfg = Debug|Any CPU
		{87BD39CD-E9DD-4FFD-ADB4-C8D14A1919F5}.Debug|x64.Build.0 = Debug|Any CPU
		{87BD39CD-E9DD-4FFD-ADB4-C8D14A1919F5}.Debug|x86.ActiveCfg = Debug|Any CPU
		{87BD39CD-E9DD-4FFD-ADB4-C8D14A1919F5}.Debug|x86.Build.0 = Debug|Any CPU
		{87BD39CD-E9DD-4FFD-ADB4-C8D14A1919F5}.Release|Any CPU.ActiveCfg = Release|Any CPU
		{87BD39CD-E9DD-4FFD-ADB4-C8D14A1919F5}.Release|Any CPU.Build.0 = Release|Any CPU
		{87BD39CD-E9DD-4FFD-ADB4-C8D14A1919F5}.Release|ARM.ActiveCfg = Release|Any CPU
		{87BD39CD-E9DD-4FFD-ADB4-C8D14A1919F5}.Release|ARM.Build.0 = Release|Any CPU
		{87BD39CD-E9DD-4FFD-ADB4-C8D14A1919F5}.Release|ARM64.ActiveCfg = Release|Any CPU
		{87BD39CD-E9DD-4FFD-ADB4-C8D14A1919F5}.Release|ARM64.Build.0 = Release|Any CPU
		{87BD39CD-E9DD-4FFD-ADB4-C8D14A1919F5}.Release|x64.ActiveCfg = Release|Any CPU
		{87BD39CD-E9DD-4FFD-ADB4-C8D14A1919F5}.Release|x64.Build.0 = Release|Any CPU
		{87BD39CD-E9DD-4FFD-ADB4-C8D14A1919F5}.Release|x86.ActiveCfg = Release|Any CPU
		{87BD39CD-E9DD-4FFD-ADB4-C8D14A1919F5}.Release|x86.Build.0 = Release|Any CPU
		{081F9CCD-0044-4700-88A0-4F781E148188}.Debug|Any CPU.ActiveCfg = Debug|Any CPU
		{081F9CCD-0044-4700-88A0-4F781E148188}.Debug|Any CPU.Build.0 = Debug|Any CPU
		{081F9CCD-0044-4700-88A0-4F781E148188}.Debug|ARM.ActiveCfg = Debug|Any CPU
		{081F9CCD-0044-4700-88A0-4F781E148188}.Debug|ARM.Build.0 = Debug|Any CPU
		{081F9CCD-0044-4700-88A0-4F781E148188}.Debug|ARM64.ActiveCfg = Debug|Any CPU
		{081F9CCD-0044-4700-88A0-4F781E148188}.Debug|ARM64.Build.0 = Debug|Any CPU
		{081F9CCD-0044-4700-88A0-4F781E148188}.Debug|x64.ActiveCfg = Debug|Any CPU
		{081F9CCD-0044-4700-88A0-4F781E148188}.Debug|x64.Build.0 = Debug|Any CPU
		{081F9CCD-0044-4700-88A0-4F781E148188}.Debug|x86.ActiveCfg = Debug|Any CPU
		{081F9CCD-0044-4700-88A0-4F781E148188}.Debug|x86.Build.0 = Debug|Any CPU
		{081F9CCD-0044-4700-88A0-4F781E148188}.Release|Any CPU.ActiveCfg = Release|Any CPU
		{081F9CCD-0044-4700-88A0-4F781E148188}.Release|Any CPU.Build.0 = Release|Any CPU
		{081F9CCD-0044-4700-88A0-4F781E148188}.Release|ARM.ActiveCfg = Release|Any CPU
		{081F9CCD-0044-4700-88A0-4F781E148188}.Release|ARM.Build.0 = Release|Any CPU
		{081F9CCD-0044-4700-88A0-4F781E148188}.Release|ARM64.ActiveCfg = Release|Any CPU
		{081F9CCD-0044-4700-88A0-4F781E148188}.Release|ARM64.Build.0 = Release|Any CPU
		{081F9CCD-0044-4700-88A0-4F781E148188}.Release|x64.ActiveCfg = Release|Any CPU
		{081F9CCD-0044-4700-88A0-4F781E148188}.Release|x64.Build.0 = Release|Any CPU
		{081F9CCD-0044-4700-88A0-4F781E148188}.Release|x86.ActiveCfg = Release|Any CPU
		{081F9CCD-0044-4700-88A0-4F781E148188}.Release|x86.Build.0 = Release|Any CPU
		{5DC38E5B-8CD5-4A76-90ED-AD9D91FCF154}.Debug|Any CPU.ActiveCfg = Debug|Any CPU
		{5DC38E5B-8CD5-4A76-90ED-AD9D91FCF154}.Debug|Any CPU.Build.0 = Debug|Any CPU
		{5DC38E5B-8CD5-4A76-90ED-AD9D91FCF154}.Debug|ARM.ActiveCfg = Debug|Any CPU
		{5DC38E5B-8CD5-4A76-90ED-AD9D91FCF154}.Debug|ARM.Build.0 = Debug|Any CPU
		{5DC38E5B-8CD5-4A76-90ED-AD9D91FCF154}.Debug|ARM64.ActiveCfg = Debug|Any CPU
		{5DC38E5B-8CD5-4A76-90ED-AD9D91FCF154}.Debug|ARM64.Build.0 = Debug|Any CPU
		{5DC38E5B-8CD5-4A76-90ED-AD9D91FCF154}.Debug|x64.ActiveCfg = Debug|Any CPU
		{5DC38E5B-8CD5-4A76-90ED-AD9D91FCF154}.Debug|x64.Build.0 = Debug|Any CPU
		{5DC38E5B-8CD5-4A76-90ED-AD9D91FCF154}.Debug|x86.ActiveCfg = Debug|Any CPU
		{5DC38E5B-8CD5-4A76-90ED-AD9D91FCF154}.Debug|x86.Build.0 = Debug|Any CPU
		{5DC38E5B-8CD5-4A76-90ED-AD9D91FCF154}.Release|Any CPU.ActiveCfg = Release|Any CPU
		{5DC38E5B-8CD5-4A76-90ED-AD9D91FCF154}.Release|Any CPU.Build.0 = Release|Any CPU
		{5DC38E5B-8CD5-4A76-90ED-AD9D91FCF154}.Release|ARM.ActiveCfg = Release|Any CPU
		{5DC38E5B-8CD5-4A76-90ED-AD9D91FCF154}.Release|ARM.Build.0 = Release|Any CPU
		{5DC38E5B-8CD5-4A76-90ED-AD9D91FCF154}.Release|ARM64.ActiveCfg = Release|Any CPU
		{5DC38E5B-8CD5-4A76-90ED-AD9D91FCF154}.Release|ARM64.Build.0 = Release|Any CPU
		{5DC38E5B-8CD5-4A76-90ED-AD9D91FCF154}.Release|x64.ActiveCfg = Release|Any CPU
		{5DC38E5B-8CD5-4A76-90ED-AD9D91FCF154}.Release|x64.Build.0 = Release|Any CPU
		{5DC38E5B-8CD5-4A76-90ED-AD9D91FCF154}.Release|x86.ActiveCfg = Release|Any CPU
		{5DC38E5B-8CD5-4A76-90ED-AD9D91FCF154}.Release|x86.Build.0 = Release|Any CPU
	EndGlobalSection
	GlobalSection(SolutionProperties) = preSolution
		HideSolutionNode = FALSE
	EndGlobalSection
	GlobalSection(ExtensibilityGlobals) = postSolution
		SolutionGuid = {43F079FF-2B2E-4011-92C0-59E8606EAAE2}
	EndGlobalSection
EndGlobal
